version = 1
revision = 3
requires-python = "==3.12.*"

[[package]]
name = "annotated-types"
version = "0.7.0"
source = { registry = "https://pypi.org/simple" }
sdist = { url = "https://files.pythonhosted.org/packages/ee/67/531ea369ba64dcff5ec9c3402f9f51bf748cec26dde048a2f973a4eea7f5/annotated_types-0.7.0.tar.gz", hash = "sha256:aff07c09a53a08bc8cfccb9c85b05f1aa9a2a6f23728d790723543408344ce89", size = 16081, upload-time = "2024-05-20T21:33:25.928Z" }
wheels = [
    { url = "https://files.pythonhosted.org/packages/78/b6/6307fbef88d9b5ee7421e68d78a9f162e0da4900bc5f5793f6d3d0e34fb8/annotated_types-0.7.0-py3-none-any.whl", hash = "sha256:1f02e8b43a8fbbc3f3e0d4f0f4bfc8131bcb4eebe8849b8e5c773f3a1c582a53", size = 13643, upload-time = "2024-05-20T21:33:24.1Z" },
]

[[package]]
name = "anyio"
version = "4.12.1"
source = { registry = "https://pypi.org/simple" }
dependencies = [
    { name = "idna" },
    { name = "typing-extensions" },
]
sdist = { url = "https://files.pythonhosted.org/packages/96/f0/5eb65b2bb0d09ac6776f2eb54adee6abe8228ea05b20a5ad0e4945de8aac/anyio-4.12.1.tar.gz", hash = "sha256:41cfcc3a4c85d3f05c932da7c26d0201ac36f72abd4435ba90d0464a3ffed703", size = 228685, upload-time = "2026-01-06T11:45:21.246Z" }
wheels = [
    { url = "https://files.pythonhosted.org/packages/38/0e/27be9fdef66e72d64c0cdc3cc2823101b80585f8119b5c112c2e8f5f7dab/anyio-4.12.1-py3-none-any.whl", hash = "sha256:d405828884fc140aa80a3c667b8beed277f1dfedec42ba031bd6ac3db606ab6c", size = 113592, upload-time = "2026-01-06T11:45:19.497Z" },
]

[[package]]
name = "app"
version = "0.1.0"
source = { virtual = "." }
dependencies = [
    { name = "fastapi" },
    { name = "pydantic" },
    { name = "uvicorn" },
    { name = "werkzeug" },
]

[package.metadata]
requires-dist = [
    { name = "fastapi", specifier = "==0.109.0" },
    { name = "pydantic", specifier = "==2.5.3" },
    { name = "uvicorn", specifier = "==0.27.0" },
    { name = "werkzeug", specifier = ">=1.0.1" },
]

[[package]]
name = "click"
version = "8.3.1"
source = { registry = "https://pypi.org/simple" }
dependencies = [
    { name = "colorama", marker = "sys_platform == 'win32'" },
]
sdist = { url = "https://files.pythonhosted.org/packages/3d/fa/656b739db8587d7b5dfa22e22ed02566950fbfbcdc20311993483657a5c0/click-8.3.1.tar.gz", hash = "sha256:12ff4785d337a1bb490bb7e9c2b1ee5da3112e94a8622f26a6c77f5d2fc6842a", size = 295065, upload-time = "2025-11-15T20:45:42.706Z" }
wheels = [
    { url = "https://files.pythonhosted.org/packages/98/78/01c019cdb5d6498122777c1a43056ebb3ebfeef2076d9d026bfe15583b2b/click-8.3.1-py3-none-any.whl", hash = "sha256:981153a64e25f12d547d3426c367a4857371575ee7ad18df2a6183ab0545b2a6", size = 108274, upload-time = "2025-11-15T20:45:41.139Z" },
]

[[package]]
name = "colorama"
version = "0.4.6"
source = { registry = "https://pypi.org/simple" }
sdist = { url = "https://files.pythonhosted.org/packages/d8/53/6f443c9a4a8358a93a6792e2acffb9d9d5cb0a5cfd8802644b7b1c9a02e4/colorama-0.4.6.tar.gz", hash = "sha256:08695f5cb7ed6e0531a20572697297273c47b8cae5a63ffc6d6ed5c201be6e44", size = 27697, upload-time = "2022-10-25T02:36:22.414Z" }
wheels = [
    { url = "https://files.pythonhosted.org/packages/d1/d6/3965ed04c63042e047cb6a3e6ed1a63a35087b6a609aa3a15ed8ac56c221/colorama-0.4.6-py2.py3-none-any.whl", hash = "sha256:4f1d9991f5acc0ca119f9d443620b77f9d6b33703e51011c16baf57afb285fc6", size = 25335, upload-time = "2022-10-25T02:36:20.889Z" },
]

[[package]]
name = "fastapi"
version = "0.109.0"
source = { registry = "https://pypi.org/simple" }
dependencies = [
    { name = "pydantic" },
    { name = "starlette" },
    { name = "typing-extensions" },
]
sdist = { url = "https://files.pythonhosted.org/packages/ee/b6/beaa92d1fd977edcd77c91c9d08a63d57ceb248a671a8641e3c598a34ef1/fastapi-0.109.0.tar.gz", hash = "sha256:b978095b9ee01a5cf49b19f4bc1ac9b8ca83aa076e770ef8fd9af09a2b88d191", size = 11475098, upload-time = "2024-01-11T15:36:34.684Z" }
wheels = [
    { url = "https://files.pythonhosted.org/packages/e5/80/ddbf524c6169072ab5e8dd4e106d4eb482bf920da1996dde9f308f90aa8c/fastapi-0.109.0-py3-none-any.whl", hash = "sha256:8c77515984cd8e8cfeb58364f8cc7a28f0692088475e2614f7bf03275eba9093", size = 92049, upload-time = "2024-01-11T15:36:31.271Z" },
]

[[package]]
name = "h11"
version = "0.16.0"
source = { registry = "https://pypi.org/simple" }
sdist = { url = "https://files.pythonhosted.org/packages/01/ee/02a2c011bdab74c6fb3c75474d40b3052059d95df7e73351460c8588d963/h11-0.16.0.tar.gz", hash = "sha256:4e35b956cf45792e4caa5885e69fba00bdbc6ffafbfa020300e549b208ee5ff1", size = 101250, upload-time = "2025-04-24T03:35:25.427Z" }
wheels = [
    { url = "https://files.pythonhosted.org/packages/04/4b/29cac41a4d98d144bf5f6d33995617b185d14b22401f75ca86f384e87ff1/h11-0.16.0-py3-none-any.whl", hash = "sha256:63cf8bbe7522de3bf65932fda1d9c2772064ffb3dae62d55932da54b31cb6c86", size = 37515, upload-time = "2025-04-24T03:35:24.344Z" },
]

[[package]]
name = "idna"
version = "3.11"
source = { registry = "https://pypi.org/simple" }
sdist = { url = "https://files.pythonhosted.org/packages/6f/6d/0703ccc57f3a7233505399edb88de3cbd678da106337b9fcde432b65ed60/idna-3.11.tar.gz", hash = "sha256:795dafcc9c04ed0c1fb032c2aa73654d8e8c5023a7df64a53f39190ada629902", size = 194582, upload-time = "2025-10-12T14:55:20.501Z" }
wheels = [
    { url = "https://files.pythonhosted.org/packages/0e/61/66938bbb5fc52dbdf84594873d5b51fb1f7c7794e9c0f5bd885f30bc507b/idna-3.11-py3-none-any.whl", hash = "sha256:771a87f49d9defaf64091e6e6fe9c18d4833f140bd19464795bc32d966ca37ea", size = 71008, upload-time = "2025-10-12T14:55:18.883Z" },
]

[[package]]
name = "markupsafe"
version = "3.0.3"
source = { registry = "https://pypi.org/simple" }
sdist = { url = "https://files.pythonhosted.org/packages/7e/99/7690b6d4034fffd95959cbe0c02de8deb3098cc577c67bb6a24fe5d7caa7/markupsafe-3.0.3.tar.gz", hash = "sha256:722695808f4b6457b320fdc131280796bdceb04ab50fe1795cd540799ebe1698", size = 80313, upload-time = "2025-09-27T18:37:40.426Z" }
wheels = [
    { url = "https://files.pythonhosted.org/packages/5a/72/147da192e38635ada20e0a2e1a51cf8823d2119ce8883f7053879c2199b5/markupsafe-3.0.3-cp312-cp312-macosx_10_13_x86_64.whl", hash = "sha256:d53197da72cc091b024dd97249dfc7794d6a56530370992a5e1a08983ad9230e", size = 11615, upload-time = "2025-09-27T18:36:30.854Z" },
    { url = "https://files.pythonhosted.org/packages/9a/81/7e4e08678a1f98521201c3079f77db69fb552acd56067661f8c2f534a718/markupsafe-3.0.3-cp312-cp312-macosx_11_0_arm64.whl", hash = "sha256:1872df69a4de6aead3491198eaf13810b565bdbeec3ae2dc8780f14458ec73ce", size = 12020, upload-time = "2025-09-27T18:36:31.971Z" },
    { url = "https://files.pythonhosted.org/packages/1e/2c/799f4742efc39633a1b54a92eec4082e4f815314869865d876824c257c1e/markupsafe-3.0.3-cp312-cp312-manylinux2014_aarch64.manylinux_2_17_aarch64.manylinux_2_28_aarch64.whl", hash = "sha256:3a7e8ae81ae39e62a41ec302f972ba6ae23a5c5396c8e60113e9066ef893da0d", size = 24332, upload-time = "2025-09-27T18:36:32.813Z" },
    { url = "https://files.pythonhosted.org/packages/3c/2e/8d0c2ab90a8c1d9a24f0399058ab8519a3279d1bd4289511d74e909f060e/markupsafe-3.0.3-cp312-cp312-manylinux2014_x86_64.manylinux_2_17_x86_64.manylinux_2_28_x86_64.whl", hash = "sha256:d6dd0be5b5b189d31db7cda48b91d7e0a9795f31430b7f271219ab30f1d3ac9d", size = 22947, upload-time = "2025-09-27T18:36:33.86Z" },
    { url = "https://files.pythonhosted.org/packages/2c/54/887f3092a85238093a0b2154bd629c89444f395618842e8b0c41783898ea/markupsafe-3.0.3-cp312-cp312-manylinux_2_31_riscv64.manylinux_2_39_riscv64.whl", hash = "sha256:94c6f0bb423f739146aec64595853541634bde58b2135f27f61c1ffd1cd4d16a", size = 21962, upload-time = "2025-09-27T18:36:35.099Z" },
    { url = "https://files.pythonhosted.org/packages/c9/2f/336b8c7b6f4a4d95e91119dc8521402461b74a485558d8f238a68312f11c/markupsafe-3.0.3-cp312-cp312-musllinux_1_2_aarch64.whl", hash = "sha256:be8813b57049a7dc738189df53d69395eba14fb99345e0a5994914a3864c8a4b", size = 23760, upload-time = "2025-09-27T18:36:36.001Z" },
    { url = "https://files.pythonhosted.org/packages/32/43/67935f2b7e4982ffb50a4d169b724d74b62a3964bc1a9a527f5ac4f1ee2b/markupsafe-3.0.3-cp312-cp312-musllinux_1_2_riscv64.whl", hash = "sha256:83891d0e9fb81a825d9a6d61e3f07550ca70a076484292a70fde82c4b807286f", size = 21529, upload-time = "2025-09-27T18:36:36.906Z" },
    { url = "https://files.pythonhosted.org/packages/89/e0/4486f11e51bbba8b0c041098859e869e304d1c261e59244baa3d295d47b7/markupsafe-3.0.3-cp312-cp312-musllinux_1_2_x86_64.whl", hash = "sha256:77f0643abe7495da77fb436f50f8dab76dbc6e5fd25d39589a0f1fe6548bfa2b", size = 23015, upload-time = "2025-09-27T18:36:37.868Z" },
    { url = "https://files.pythonhosted.org/packages/2f/e1/78ee7a023dac597a5825441ebd17170785a9dab23de95d2c7508ade94e0e/markupsafe-3.0.3-cp312-cp312-win32.whl", hash = "sha256:d88b440e37a16e651bda4c7c2b930eb586fd15ca7406cb39e211fcff3bf3017d", size = 14540, upload-time = "2025-09-27T18:36:38.761Z" },
    { url = "https://files.pythonhosted.org/packages/aa/5b/bec5aa9bbbb2c946ca2733ef9c4ca91c91b6a24580193e891b5f7dbe8e1e/markupsafe-3.0.3-cp312-cp312-win_amd64.whl", hash = "sha256:26a5784ded40c9e318cfc2bdb30fe164bdb8665ded9cd64d500a34fb42067b1c", size = 15105, upload-time = "2025-09-27T18:36:39.701Z" },
    { url = "https://files.pythonhosted.org/packages/e5/f1/216fc1bbfd74011693a4fd837e7026152e89c4bcf3e77b6692fba9923123/markupsafe-3.0.3-cp312-cp312-win_arm64.whl", hash = "sha256:35add3b638a5d900e807944a078b51922212fb3dedb01633a8defc4b01a3c85f", size = 13906, upload-time = "2025-09-27T18:36:40.689Z" },
]

[[package]]
name = "pydantic"
version = "2.5.3"
source = { registry = "https://pypi.org/simple" }
dependencies = [
    { name = "annotated-types" },
    { name = "pydantic-core" },
    { name = "typing-extensions" },
]
sdist = { url = "https://files.pythonhosted.org/packages/aa/3f/56142232152145ecbee663d70a19a45d078180633321efb3847d2562b490/pydantic-2.5.3.tar.gz", hash = "sha256:b3ef57c62535b0941697cce638c08900d87fcb67e29cfa99e8a68f747f393f7a", size = 651797, upload-time = "2023-12-22T10:39:46.736Z" }
wheels = [
    { url = "https://files.pythonhosted.org/packages/dd/b7/9aea7ee6c01fe3f3c03b8ca3c7797c866df5fecece9d6cb27caa138db2e2/pydantic-2.5.3-py3-none-any.whl", hash = "sha256:d0caf5954bee831b6bfe7e338c32b9e30c85dfe080c843680783ac2b631673b4", size = 381926, upload-time = "2023-12-22T10:39:43.758Z" },
]

[[package]]
name = "pydantic-core"
version = "2.14.6"
source = { registry = "https://pypi.org/simple" }
dependencies = [
    { name = "typing-extensions" },
]
sdist = { url = "https://files.pythonhosted.org/packages/b2/7d/8304d8471cfe4288f95a3065ebda56f9790d087edc356ad5bd83c89e2d79/pydantic_core-2.14.6.tar.gz", hash = "sha256:1fd0c1d395372843fba13a51c28e3bb9d59bd7aebfeb17358ffaaa1e4dbbe948", size = 360305, upload-time = "2023-12-21T19:56:33.986Z" }
wheels = [
    { url = "https://files.pythonhosted.org/packages/b1/26/4bd7ac215215322a693c178a022993450ebf7b1e91b26941f72407e1e9a1/pydantic_core-2.14.6-cp312-cp312-macosx_10_7_x86_64.whl", hash = "sha256:667aa2eac9cd0700af1ddb38b7b1ef246d8cf94c85637cbb03d7757ca4c3fdec", size = 1855038, upload-time = "2023-12-21T19:53:14.05Z" },
    { url = "https://files.pythonhosted.org/packages/a5/f8/07a2563f40b863ba97f3db648697f3f1d7b7edf1bd679f210064cb556e74/pydantic_core-2.14.6-cp312-cp312-macosx_11_0_arm64.whl", hash = "sha256:cdee837710ef6b56ebd20245b83799fce40b265b3b406e51e8ccc5b85b9099b7", size = 1718829, upload-time = "2023-12-21T19:53:16.61Z" },
    { url = "https://files.pythonhosted.org/packages/ba/98/fb42628ed811643c364e05353d3a015c74859402994420aeba8e3e34a54c/pydantic_core-2.14.6-cp312-cp312-manylinux_2_17_aarch64.manylinux2014_aarch64.whl", hash = "sha256:2c5bcf3414367e29f83fd66f7de64509a8fd2368b1edf4351e862910727d3e51", size = 1824883, upload-time = "2023-12-21T19:53:18.652Z" },
    { url = "https://files.pythonhosted.org/packages/69/ed/6a318d3846ac45e4e8d7c81a4c4f9cad341f4715521cc2cc7baecd6be9c0/pydantic_core-2.14.6-cp312-cp312-manylinux_2_17_armv7l.manylinux2014_armv7l.whl", hash = "sha256:26a92ae76f75d1915806b77cf459811e772d8f71fd1e4339c99750f0e7f6324f", size = 1834955, upload-time = "2023-12-21T19:53:20.879Z" },
    { url = "https://files.pythonhosted.org/packages/0b/d0/adf341fb8ed080bf5abb91c42752ffa099d8439e45d3fa40a21f259f724c/pydantic_core-2.14.6-cp312-cp312-manylinux_2_17_ppc64le.manylinux2014_ppc64le.whl", hash = "sha256:a983cca5ed1dd9a35e9e42ebf9f278d344603bfcb174ff99a5815f953925140a", size = 1994990, upload-time = "2023-12-21T19:53:23.309Z" },
    { url = "https://files.pythonhosted.org/packages/5e/58/7cac843607f3b2d0af1768fae90ef219413db163a7cfb7557344edfeed2f/pydantic_core-2.14.6-cp312-cp312-manylinux_2_17_s390x.manylinux2014_s390x.whl", hash = "sha256:cb92f9061657287eded380d7dc455bbf115430b3aa4741bdc662d02977e7d0af", size = 3001843, upload-time = "2023-12-21T19:53:25.501Z" },
    { url = "https://files.pythonhosted.org/packages/f3/62/076e6c43735950e911d80c6edf215314a8cf9b8adefe9613b72b09ccb1ee/pydantic_core-2.14.6-cp312-cp312-manylinux_2_17_x86_64.manylinux2014_x86_64.whl", hash = "sha256:e4ace1e220b078c8e48e82c081e35002038657e4b37d403ce940fa679e57113b", size = 2067417, upload-time = "2023-12-21T19:53:27.652Z" },
    { url = "https://files.pythonhosted.org/packages/d0/21/7ca5edf46bc6706152d459b560d669cfd72afe0dda24292408f1be8008d6/pydantic_core-2.14.6-cp312-cp312-manylinux_2_5_i686.manylinux1_i686.whl", hash = "sha256:ef633add81832f4b56d3b4c9408b43d530dfca29e68fb1b797dcb861a2c734cd", size = 1922514, upload-time = "2023-12-21T19:53:30.443Z" },
    { url = "https://files.pythonhosted.org/packages/b7/53/101aac1d63a743284cdae804ceb6f561879c385f355caf20d2d87da6d36d/pydantic_core-2.14.6-cp312-cp312-musllinux_1_1_aarch64.whl", hash = "sha256:7e90d6cc4aad2cc1f5e16ed56e46cebf4877c62403a311af20459c15da76fd91", size = 2004496, upload-time = "2023-12-21T19:53:32.411Z" },
    { url = "https://files.pythonhosted.org/packages/9f/7a/2e906fc1a5e4ca45e730118f0afb4878a39a1d505d895835d8cc5452446c/pydantic_core-2.14.6-cp312-cp312-musllinux_1_1_x86_64.whl", hash = "sha256:e8a5ac97ea521d7bde7621d86c30e86b798cdecd985723c4ed737a2aa9e77d0c", size = 2129106, upload-time = "2023-12-21T19:53:34.501Z" },
    { url = "https://files.pythonhosted.org/packages/d9/3e/28bd56c6aeadaae2eca12e39274b880505dd7fc9fa7b732d11167275c084/pydantic_core-2.14.6-cp312-none-win32.whl", hash = "sha256:f27207e8ca3e5e021e2402ba942e5b4c629718e665c81b8b306f3c8b1ddbb786", size = 1743090, upload-time = "2023-12-21T19:53:36.711Z" },
    { url = "https://files.pythonhosted.org/packages/84/13/afa2b5c336d30a43592f9bc8d5769ccd15b32b4ef243bd792496fe336925/pydantic_core-2.14.6-cp312-none-win_amd64.whl", hash = "sha256:b3e5fe4538001bb82e2295b8d2a39356a84694c97cb73a566dc36328b9f83b40", size = 1866497, upload-time = "2023-12-21T19:53:39.401Z" },
    { url = "https://files.pythonhosted.org/packages/04/33/68e91365ac5ef23fc70fbc4e24ab2f212a6ca39cd23b81589af9807946df/pydantic_core-2.14.6-cp312-none-win_arm64.whl", hash = "sha256:64634ccf9d671c6be242a664a33c4acf12882670b09b3f163cd00a24cffbd74e", size = 1844384, upload-time = "2023-12-21T19:53:41.316Z" },
]

[[package]]
name = "starlette"
version = "0.35.1"
source = { registry = "https://pypi.org/simple" }
dependencies = [
    { name = "anyio" },
]
sdist = { url = "https://files.pythonhosted.org/packages/5e/8a/80e0343c8051e522752eaae54e96c814946ac97ae0c08b441620e3a22755/starlette-0.35.1.tar.gz", hash = "sha256:3e2639dac3520e4f58734ed22553f950d3f3cb1001cd2eaac4d57e8cdc5f66bc", size = 2840584, upload-time = "2024-01-11T19:59:00.652Z" }
wheels = [
    { url = "https://files.pythonhosted.org/packages/03/13/c60c738da2fb69d60ee1dc5631e8d152352003cc0bc4ce39582bdd90e293/starlette-0.35.1-py3-none-any.whl", hash = "sha256:50bbbda9baa098e361f398fda0928062abbaf1f54f4fadcbe17c092a01eb9a25", size = 71076, upload-time = "2024-01-11T19:58:58.451Z" },
]

[[package]]
name = "typing-extensions"
version = "4.15.0"
source = { registry = "https://pypi.org/simple" }
sdist = { url = "https://files.pythonhosted.org/packages/72/94/1a15dd82efb362ac84269196e94cf00f187f7ed21c242792a923cdb1c61f/typing_extensions-4.15.0.tar.gz", hash = "sha256:0cea48d173cc12fa28ecabc3b837ea3cf6f38c6d1136f85cbaaf598984861466", size = 109391, upload-time = "2025-08-25T13:49:26.313Z" }
wheels = [
    { url = "https://files.pythonhosted.org/packages/18/67/36e9267722cc04a6b9f15c7f3441c2363321a3ea07da7ae0c0707beb2a9c/typing_extensions-4.15.0-py3-none-any.whl", hash = "sha256:f0fa19c6845758ab08074a0cfa8b7aecb71c999ca73d62883bc25cc018c4e548", size = 44614, upload-time = "2025-08-25T13:49:24.86Z" },
]

[[package]]
name = "uvicorn"
version = "0.27.0"
source = { registry = "https://pypi.org/simple" }
dependencies = [
    { name = "click" },
    { name = "h11" },
]
sdist = { url = "https://files.pythonhosted.org/packages/52/75/9cf554ed256d8bcdf3a9bb831b599c4e48e4e5993931fb512f75e529ece4/uvicorn-0.27.0.tar.gz", hash = "sha256:c855578045d45625fd027367f7653d249f7c49f9361ba15cf9624186b26b8eb6", size = 40963, upload-time = "2024-01-22T20:32:35.679Z" }
wheels = [
    { url = "https://files.pythonhosted.org/packages/ec/00/2555ae5c4c8550ffccf8eea97476750bd1cfc0880b4b3ab7237dff4b01d7/uvicorn-0.27.0-py3-none-any.whl", hash = "sha256:890b00f6c537d58695d3bb1f28e23db9d9e7a17cbcc76d7457c499935f933e24", size = 60648, upload-time = "2024-01-22T20:32:31.148Z" },
]

[[package]]
name = "werkzeug"
version = "3.1.5"
source = { registry = "https://pypi.org/simple" }
dependencies = [
    { name = "markupsafe" },
]
sdist = { url = "https://files.pythonhosted.org/packages/5a/70/1469ef1d3542ae7c2c7b72bd5e3a4e6ee69d7978fa8a3af05a38eca5becf/werkzeug-3.1.5.tar.gz", hash = "sha256:6a548b0e88955dd07ccb25539d7d0cc97417ee9e179677d22c7041c8f078ce67", size = 864754, upload-time = "2026-01-08T17:49:23.247Z" }
wheels = [
    { url = "https://files.pythonhosted.org/packages/ad/e4/8d97cca767bcc1be76d16fb76951608305561c6e056811587f36cb1316a8/werkzeug-3.1.5-py3-none-any.whl", hash = "sha256:5111e36e91086ece91f93268bb39b4a35c1e6f1feac762c9c822ded0a4e322dc", size = 225025, upload-time = "2026-01-08T17:49:21.859Z" },
]
